# This file is automatically @generated by Cargo.
# It is not intended for manual editing.
version = 3

[[package]]
name = "nameof"
version = "1.2.2"
source = "registry+https://github.com/rust-lang/crates.io-index"
checksum = "9ce8b389a86cabeb0d8b33a61e60f3cbb4de38914342fe274e69111f3b5d9c44"

[[package]]
name = "traits"
version = "0.1.0"
dependencies = [
 "nameof",
]
